github.com/openwall/yescrypt-go v1.0.0 h1:jsGk48zkFvtUjGVOhYPGh+CS595JmTRcKnpggK2AON4=
github.com/openwall/yescrypt-go v1.0.0/go.mod h1:e6CWtFizUEOUttaOjeVMiv1lJaJie3mfOtLJ9CCD6sA=
golang.org/x/crypto v0.49.0 h1:+Ng2ULVvLHnJ/ZFEq4KdcDd/cfjrrjjNSXNzxg0Y4U4=
golang.org/x/crypto v0.49.0/go.mod h1:ErX4dUh2UM+CFYiXZRTcMpEcN8b/1gxEuv3nODoYtCA=
